# THIS IS AN AUTOGENERATED FILE. DO NOT EDIT THIS FILE DIRECTLY.
# yarn lockfile v1


react-moment@^0.8.4:
  version "0.8.4"
  resolved "https://registry.yarnpkg.com/react-moment/-/react-moment-0.8.4.tgz#18eb59e1541c8b216353e23c21e9db50e42e2edb"
  integrity sha512-QhI19OcfhiAn60/O6bMR0w8ApXrPFCjv6+eV0I/P9/AswzjgEAx4L7VxMBCpS/jrythLa12Q9v88req+ys4YpA==
